# This file is automatically @generated by Poetry 1.8.3 and should not be changed by hand.

[[package]]
name = "gumpython"
version = "0.3.0"
description = "A python library for gum cli"
optional = false
python-versions = ">=3.8,<4.0"
files = [
    {file = "gumpython-0.3.0-py3-none-any.whl", hash = "sha256:d2d756a540e42d3e5e770d87ef729aac026398c3f1dba5c618412e8621ff3ffa"},
    {file = "gumpython-0.3.0.tar.gz", hash = "sha256:e73a16069dcbc603fe8a07ceb1709e2953b8d466689b70f63c4eb382b3c4a972"},
]

[metadata]
lock-version = "2.0"
python-versions = "^3.10"
content-hash = "a1d8573b193dcc0f10a549a0bd6395e88c9f5ae9d4d65f6be5196b8fa6d0f6ce"
